
Microsoft Visual Studio Solution File, Format Version 12.00
# Visual Studio 14
VisualStudioVersion = 14.0.25420.1
MinimumVisualStudioVersion = 10.0.40219.1
Project("{FAE04EC0-301F-11D3-BF4B-00C04F79EFBC}") = "Sergio.Saude.Web", "Sergio.Saude.Web\Sergio.Saude.Web.csproj", "{D365DAD3-7295-472D-A234-6B48756B870F}"
EndProject
Project("{FAE04EC0-301F-11D3-BF4B-00C04F79EFBC}") = "Sergio.Saude.Dominio", "Sergio.Saude.Dominio\Sergio.Saude.Dominio.csproj", "{3A53F12A-CE13-4F5D-B5E1-C79652DD9FC8}"
EndProject
Project("{FAE04EC0-301F-11D3-BF4B-00C04F79EFBC}") = "Sergio.Saude.Repositorio", "Sergio.Saude.Repositorio\Sergio.Saude.Repositorio.csproj", "{C093CB26-2112-47F8-A764-32147ED7C64E}"
EndProject
Global
	GlobalSection(SolutionConfigurationPlatforms) = preSolution
		Debug|Any CPU = Debug|Any CPU
		Debug|ARM = Debug|ARM
		Debug|x64 = Debug|x64
		Debug|x86 = Debug|x86
		Release|Any CPU = Release|Any CPU
		Release|ARM = Release|ARM
		Release|x64 = Release|x64
		Release|x86 = Release|x86
	EndGlobalSection
	GlobalSection(ProjectConfigurationPlatforms) = postSolution
		{D365DAD3-7295-472D-A234-6B48756B870F}.Debug|Any CPU.ActiveCfg = Debug|Any CPU
		{D365DAD3-7295-472D-A234-6B48756B870F}.Debug|Any CPU.Build.0 = Debug|Any CPU
		{D365DAD3-7295-472D-A234-6B48756B870F}.Debug|ARM.ActiveCfg = Debug|Any CPU
		{D365DAD3-7295-472D-A234-6B48756B870F}.Debug|ARM.Build.0 = Debug|Any CPU
		{D365DAD3-7295-472D-A234-6B48756B870F}.Debug|x64.ActiveCfg = Debug|Any CPU
		{D365DAD3-7295-472D-A234-6B48756B870F}.Debug|x64.Build.0 = Debug|Any CPU
		{D365DAD3-7295-472D-A234-6B48756B870F}.Debug|x86.ActiveCfg = Debug|Any CPU
		{D365DAD3-7295-472D-A234-6B48756B870F}.Debug|x86.Build.0 = Debug|Any CPU
		{D365DAD3-7295-472D-A234-6B48756B870F}.Release|Any CPU.ActiveCfg = Release|Any CPU
		{D365DAD3-7295-472D-A234-6B48756B870F}.Release|Any CPU.Build.0 = Release|Any CPU
		{D365DAD3-7295-472D-A234-6B48756B870F}.Release|ARM.ActiveCfg = Release|Any CPU
		{D365DAD3-7295-472D-A234-6B48756B870F}.Release|ARM.Build.0 = Release|Any CPU
		{D365DAD3-7295-472D-A234-6B48756B870F}.Release|x64.ActiveCfg = Release|Any CPU
		{D365DAD3-7295-472D-A234-6B48756B870F}.Release|x64.Build.0 = Release|Any CPU
		{D365DAD3-7295-472D-A234-6B48756B870F}.Release|x86.ActiveCfg = Release|Any CPU
		{D365DAD3-7295-472D-A234-6B48756B870F}.Release|x86.Build.0 = Release|Any CPU
		{3A53F12A-CE13-4F5D-B5E1-C79652DD9FC8}.Debug|Any CPU.ActiveCfg = Debug|Any CPU
		{3A53F12A-CE13-4F5D-B5E1-C79652DD9FC8}.Debug|Any CPU.Build.0 = Debug|Any CPU
		{3A53F12A-CE13-4F5D-B5E1-C79652DD9FC8}.Debug|ARM.ActiveCfg = Debug|Any CPU
		{3A53F12A-CE13-4F5D-B5E1-C79652DD9FC8}.Debug|ARM.Build.0 = Debug|Any CPU
		{3A53F12A-CE13-4F5D-B5E1-C79652DD9FC8}.Debug|x64.ActiveCfg = Debug|Any CPU
		{3A53F12A-CE13-4F5D-B5E1-C79652DD9FC8}.Debug|x64.Build.0 = Debug|Any CPU
		{3A53F12A-CE13-4F5D-B5E1-C79652DD9FC8}.Debug|x86.ActiveCfg = Debug|Any CPU
		{3A53F12A-CE13-4F5D-B5E1-C79652DD9FC8}.Debug|x86.Build.0 = Debug|Any CPU
		{3A53F12A-CE13-4F5D-B5E1-C79652DD9FC8}.Release|Any CPU.ActiveCfg = Release|Any CPU
		{3A53F12A-CE13-4F5D-B5E1-C79652DD9FC8}.Release|Any CPU.Build.0 = Release|Any CPU
		{3A53F12A-CE13-4F5D-B5E1-C79652DD9FC8}.Release|ARM.ActiveCfg = Release|Any CPU
		{3A53F12A-CE13-4F5D-B5E1-C79652DD9FC8}.Release|ARM.Build.0 = Release|Any CPU
		{3A53F12A-CE13-4F5D-B5E1-C79652DD9FC8}.Release|x64.ActiveCfg = Release|Any CPU
		{3A53F12A-CE13-4F5D-B5E1-C79652DD9FC8}.Release|x64.Build.0 = Release|Any CPU
		{3A53F12A-CE13-4F5D-B5E1-C79652DD9FC8}.Release|x86.ActiveCfg = Release|Any CPU
		{3A53F12A-CE13-4F5D-B5E1-C79652DD9FC8}.Release|x86.Build.0 = Release|Any CPU
		{C093CB26-2112-47F8-A764-32147ED7C64E}.Debug|Any CPU.ActiveCfg = Debug|Any CPU
		{C093CB26-2112-47F8-A764-32147ED7C64E}.Debug|Any CPU.Build.0 = Debug|Any CPU
		{C093CB26-2112-47F8-A764-32147ED7C64E}.Debug|ARM.ActiveCfg = Debug|Any CPU
		{C093CB26-2112-47F8-A764-32147ED7C64E}.Debug|ARM.Build.0 = Debug|Any CPU
		{C093CB26-2112-47F8-A764-32147ED7C64E}.Debug|x64.ActiveCfg = Debug|Any CPU
		{C093CB26-2112-47F8-A764-32147ED7C64E}.Debug|x64.Build.0 = Debug|Any CPU
		{C093CB26-2112-47F8-A764-32147ED7C64E}.Debug|x86.ActiveCfg = Debug|Any CPU
		{C093CB26-2112-47F8-A764-32147ED7C64E}.Debug|x86.Build.0 = Debug|Any CPU
		{C093CB26-2112-47F8-A764-32147ED7C64E}.Release|Any CPU.ActiveCfg = Release|Any CPU
		{C093CB26-2112-47F8-A764-32147ED7C64E}.Release|Any CPU.Build.0 = Release|Any CPU
		{C093CB26-2112-47F8-A764-32147ED7C64E}.Release|ARM.ActiveCfg = Release|Any CPU
		{C093CB26-2112-47F8-A764-32147ED7C64E}.Release|ARM.Build.0 = Release|Any CPU
		{C093CB26-2112-47F8-A764-32147ED7C64E}.Release|x64.ActiveCfg = Release|Any CPU
		{C093CB26-2112-47F8-A764-32147ED7C64E}.Release|x64.Build.0 = Release|Any CPU
		{C093CB26-2112-47F8-A764-32147ED7C64E}.Release|x86.ActiveCfg = Release|Any CPU
		{C093CB26-2112-47F8-A764-32147ED7C64E}.Release|x86.Build.0 = Release|Any CPU
	EndGlobalSection
	GlobalSection(SolutionProperties) = preSolution
		HideSolutionNode = FALSE
	EndGlobalSection
EndGlobal
